github.com/rohit-ng/hello v0.0.0-20240807091511-0651f6e12668 h1:TNc5uZyMgkLonbYtAz+2gOSUlCHya6981vfqi/+BDjU=
github.com/rohit-ng/hello v0.0.0-20240807091511-0651f6e12668/go.mod h1:sGqACzIu+x0QvbLpmqBtiyVGU0HrKy94iDyisGCHMR4=
github.com/rohit-ng/mysecret v0.0.0-20240807080053-43e7d177ceb7 h1:16rQiy3SsqVDjg3ZsAI4ltBylndilINBk49/HMDpjyE=
github.com/rohit-ng/mysecret v0.0.0-20240807080053-43e7d177ceb7/go.mod h1:PAMPTz9/A2fKeNo6PPuw1Pp7VQ48zd2zjyegLC1l5cA=
